
Microsoft Visual Studio Solution File, Format Version 12.00
Project("{8BC9CEB8-8B4A-11D0-8D11-00A0C91BC942}") = "virtual inherit", "virtual inherit.vcxproj", "{322097D8-DEF0-47A3-AD49-E23962FACAE1}"
EndProject
Global
	GlobalSection(SolutionConfigurationPlatforms) = preSolution
		Debug|Win32 = Debug|Win32
		Debug|x64 = Debug|x64
		Release|Win32 = Release|Win32
		Release|x64 = Release|x64
	EndGlobalSection
	GlobalSection(ProjectConfigurationPlatforms) = postSolution
		{322097D8-DEF0-47A3-AD49-E23962FACAE1}.Debug|Win32.ActiveCfg = Debug|Win32
		{322097D8-DEF0-47A3-AD49-E23962FACAE1}.Debug|Win32.Build.0 = Debug|Win32
		{322097D8-DEF0-47A3-AD49-E23962FACAE1}.Debug|x64.ActiveCfg = Debug|x64
		{322097D8-DEF0-47A3-AD49-E23962FACAE1}.Debug|x64.Build.0 = Debug|x64
		{322097D8-DEF0-47A3-AD49-E23962FACAE1}.Release|Win32.ActiveCfg = Release|Win32
		{322097D8-DEF0-47A3-AD49-E23962FACAE1}.Release|Win32.Build.0 = Release|Win32
		{322097D8-DEF0-47A3-AD49-E23962FACAE1}.Release|x64.ActiveCfg = Release|x64
		{322097D8-DEF0-47A3-AD49-E23962FACAE1}.Release|x64.Build.0 = Release|x64
	EndGlobalSection
EndGlobal
